<?xml version="1.0" encoding="utf-8"?>
<Project ToolsVersion="4.0" xmlns="http://schemas.microsoft.com/developer/msbuild/2003">
  <ItemGroup>
    <Filter Include="Source Files">
      <UniqueIdentifier>{32c55112-7dbe-4694-8a49-a1ba98f216d5}</UniqueIdentifier>
      <Extensions>cpp;c;cc;cxx;def;odl;idl;hpj;bat;asm;asmx</Extensions>
    </Filter>
    <Filter Include="Header Files">
      <UniqueIdentifier>{7b407100-016f-4290-b881-0af0eb735208}</UniqueIdentifier>
      <Extensions>h;hpp;hxx;hm;inl;inc;xsd</Extensions>
    </Filter>
    <Filter Include="Resource Files">
      <UniqueIdentifier>{89c9825d-92fa-49cf-8dd4-198b179c2aad}</UniqueIdentifier>
      <Extensions>rc;ico;cur;bmp;dlg;rc2;rct;bin;rgs;gif;jpg;jpeg;jpe;resx;tiff;tif;png;wav</Extensions>
    </Filter>
  </ItemGroup>
  <ItemGroup>
    <ClInclude Include="resource.h">
      <Filter>Header Files</Filter>
    </ClInclude>
    <ClInclude Include="config.h">
      <Filter>Header Files</Filter>
    </ClInclude>
    <ClInclude Include="internal.h">
      <Filter>Header Files</Filter>
    </ClInclude>
    <ClInclude Include="&#xD;&#xA;liblouis.h">
      <Filter>Header Files</Filter>
    </ClInclude>
  </ItemGroup>
  <ItemGroup>
    <ResourceCompile Include="Liblouis.rc">
      <Filter>Resource Files</Filter>
    </ResourceCompile>
  </ItemGroup>
  <ItemGroup>
    <ClCompile Include="..\libLouis\commonTranslationFunctions.c">
      <Filter>Source Files</Filter>
    </ClCompile>
    <ClCompile Include="..\libLouis\compileTranslationTable.c">
      <Filter>Source Files</Filter>
    </ClCompile>
    <ClCompile Include="..\libLouis\logging.c">
      <Filter>Source Files</Filter>
    </ClCompile>
    <ClCompile Include="..\libLouis\lou_backTranslateString.c">
      <Filter>Source Files</Filter>
    </ClCompile>
    <ClCompile Include="..\libLouis\lou_translateString.c">
      <Filter>Source Files</Filter>
    </ClCompile>
    <ClCompile Include="..\libLouis\maketable.c">
      <Filter>Source Files</Filter>
    </ClCompile>
    <ClCompile Include="..\libLouis\metadata.c">
      <Filter>Source Files</Filter>
    </ClCompile>
    <ClCompile Include="..\libLouis\pattern.c">
      <Filter>Source Files</Filter>
    </ClCompile>
    <ClCompile Include="..\libLouis\utils.c">
      <Filter>Source Files</Filter>
    </ClCompile>
  </ItemGroup>
  <ItemGroup>
    <None Include="Liblouis.def">
      <Filter>Source Files</Filter>
    </None>
  </ItemGroup>
</Project>